
Microsoft Visual Studio Solution File, Format Version 12.00
# Visual Studio Version 17
VisualStudioVersion = 17.7.34031.279
MinimumVisualStudioVersion = 10.0.40219.1
Project("{FAE04EC0-301F-11D3-BF4B-00C04F79EFBC}") = "FINAL FINAL FINAL GAME UPDATE", "FINAL FINAL FINAL GAME UPDATE\FINAL FINAL FINAL GAME UPDATE.csproj", "{942C577A-CC47-4D6D-9663-B3C81F0D0846}"
EndProject
Global
	GlobalSection(SolutionConfigurationPlatforms) = preSolution
		Debug|Any CPU = Debug|Any CPU
		Release|Any CPU = Release|Any CPU
	EndGlobalSection
	GlobalSection(ProjectConfigurationPlatforms) = postSolution
		{942C577A-CC47-4D6D-9663-B3C81F0D0846}.Debug|Any CPU.ActiveCfg = Debug|Any CPU
		{942C577A-CC47-4D6D-9663-B3C81F0D0846}.Debug|Any CPU.Build.0 = Debug|Any CPU
		{942C577A-CC47-4D6D-9663-B3C81F0D0846}.Release|Any CPU.ActiveCfg = Release|Any CPU
		{942C577A-CC47-4D6D-9663-B3C81F0D0846}.Release|Any CPU.Build.0 = Release|Any CPU
	EndGlobalSection
	GlobalSection(SolutionProperties) = preSolution
		HideSolutionNode = FALSE
	EndGlobalSection
	GlobalSection(ExtensibilityGlobals) = postSolution
		SolutionGuid = {B9B15A1A-BED9-44DA-BAF0-AF7CC134222A}
	EndGlobalSection
EndGlobal
